{
  "lib/forge-std": {
    "branch": {
      "name": "master",
      "rev": "fc560fa34fa12a335a50c35d92e55a6628ca467c"
    }
  },
  "lib/openzeppelin-contracts": {
    "branch": {
      "name": "v4.9.5",
      "rev": "bd325d56b4c62c9c5c1aff048c37c6bb18ac0290"
    }
  },
  "lib/tokenized-strategy": {
    "rev": "82806289f967590c4efbf6bc3d237e4e7f0a0966"
  },
  "lib/tokenized-strategy-periphery": {
    "rev": "0f0c380a32342772fb17709dea9b7cc3a8a0162f"
  }
}